// !$*UTF8*$!
{
	archiveVersion = 1;
	classes = {
	};
	objectVersion = 77;
	objects = {

/* Begin PBXBuildFile section */
		0B661B348BCFD37E44E4F40A /* MapsNavigation.swift in Sources */ = {isa = PBXBuildFile; fileRef = 9FAD7209721D00BF6A517CFA /* MapsNavigation.swift */; };
		0C6B1ADF300322C93745F9F3 /* PaywallView.swift in Sources */ = {isa = PBXBuildFile; fileRef = 7989C5DE8BAB8D4052549AB7 /* PaywallView.swift */; };
		13BAD2FF5C03019D0DDF41F3 /* PlanView.swift in Sources */ = {isa = PBXBuildFile; fileRef = B92C9548673D78AA607E3859 /* PlanView.swift */; };
		1592D3CA6415713CFB3D725E /* ConnectedCarService.swift in Sources */ = {isa = PBXBuildFile; fileRef = D0F20D65CD1E45F443D1A915 /* ConnectedCarService.swift */; };
		174595709A407F6AB393DC79 /* BackgroundTasks.framework in Frameworks */ = {isa = PBXBuildFile; fileRef = C099E3944C24DCE57842106B /* BackgroundTasks.framework */; };
		19040C47B7B85C6DB8AF88EE /* PlanViewModel.swift in Sources */ = {isa = PBXBuildFile; fileRef = 2778BB8F33F074543D1B90F2 /* PlanViewModel.swift */; };
		24C8D39662D6A39F7ACFB79F /* CoreDomain in Frameworks */ = {isa = PBXBuildFile; productRef = 8BB3F88CBE4887CACB9E40B8 /* CoreDomain */; };
		29993D664074FA2464D98DB2 /* VehiclePickerSheet.swift in Sources */ = {isa = PBXBuildFile; fileRef = 89B30D3916F39057886D6B58 /* VehiclePickerSheet.swift */; };
		2B0F7DBB540A6AC24475378A /* SwiftData.framework in Frameworks */ = {isa = PBXBuildFile; fileRef = 54C12EF4A0F03A94394B3443 /* SwiftData.framework */; };
		3729A76F447A55EA00F35DAE /* CarPlay.framework in Frameworks */ = {isa = PBXBuildFile; fileRef = 5CD51D249AA7A6761D98B76D /* CarPlay.framework */; };
		38618D9EAA1DD709A42A9D35 /* CarPlaySceneDelegate.swift in Sources */ = {isa = PBXBuildFile; fileRef = C957AE90FEEF961928BE8F4A /* CarPlaySceneDelegate.swift */; };
		3C30C239DD74918E41A5034F /* DataSection.swift in Sources */ = {isa = PBXBuildFile; fileRef = CFDF516A468A77CCD6985D3A /* DataSection.swift */; };
		449483518D023F014ABE7E73 /* SettingsView.swift in Sources */ = {isa = PBXBuildFile; fileRef = 1B6ECC04918055FCDD1B2BFB /* SettingsView.swift */; };
		488D648D249927D9FC127D94 /* TripDetailView.swift in Sources */ = {isa = PBXBuildFile; fileRef = 88D3784E71C842EED4005A96 /* TripDetailView.swift */; };
		4D000C0C958F411F7D6A3FF4 /* Assets.xcassets in Resources */ = {isa = PBXBuildFile; fileRef = 71E75764760802E4E8D492C3 /* Assets.xcassets */; };
		58FF896F28601DACFC7E543E /* VehicleLocationProvider.swift in Sources */ = {isa = PBXBuildFile; fileRef = 27EDF8359710AED96EF1DC16 /* VehicleLocationProvider.swift */; };
		5E4FEF21B4719E29D022AD31 /* CopilotView.swift in Sources */ = {isa = PBXBuildFile; fileRef = DF1CB89F2E357CB529065A64 /* CopilotView.swift */; };
		602315C0596033975E43E07F /* CoreBluetooth.framework in Frameworks */ = {isa = PBXBuildFile; fileRef = E895DF443FCEEE5C5E060871 /* CoreBluetooth.framework */; };
		64437CD9A71B3719571633A9 /* LaunchScreen.storyboard in Resources */ = {isa = PBXBuildFile; fileRef = 67165E3C3B428C078A95ED99 /* LaunchScreen.storyboard */; };
		65E8F435BBCCED2E88B9C46C /* StoreKit.framework in Frameworks */ = {isa = PBXBuildFile; fileRef = 3F6099A4448EEBE22D1F18A1 /* StoreKit.framework */; };
		679881A44DC2201BC2416EB3 /* DashboardView.swift in Sources */ = {isa = PBXBuildFile; fileRef = 9E81703FF6D9ABDDBA38FDCD /* DashboardView.swift */; };
		69F5F70B3E2F96A762AA0C92 /* CarPlayPointOfInterest.swift in Sources */ = {isa = PBXBuildFile; fileRef = 9A602CFDC8597B98B79771BF /* CarPlayPointOfInterest.swift */; };
		713585F39A0A3E6CD1C7C39A /* DashboardViewModel.swift in Sources */ = {isa = PBXBuildFile; fileRef = 47AD48321C5F8754904DC3A3 /* DashboardViewModel.swift */; };
		7174DAD475B5F29FFCBFF102 /* AlertNotifier.swift in Sources */ = {isa = PBXBuildFile; fileRef = D76ACB924B36FF8C171B52B1 /* AlertNotifier.swift */; };
		7B55233B7E5EEAA127719D42 /* AppServices.swift in Sources */ = {isa = PBXBuildFile; fileRef = E478B08AFC2545C89E60B30C /* AppServices.swift */; };
		7BFD7C815E57122C9FA9009A /* SettingsViewModel.swift in Sources */ = {isa = PBXBuildFile; fileRef = 5CA626BD167720CB91E5DA00 /* SettingsViewModel.swift */; };
		7D8AD819E4D270C82B43EE9F /* SwiftUI.framework in Frameworks */ = {isa = PBXBuildFile; fileRef = CAA05DCFB71BC190BABB2E56 /* SwiftUI.framework */; };
		82BD22F8A6DFE7105725A9B1 /* DisplaySection.swift in Sources */ = {isa = PBXBuildFile; fileRef = E00DDEEE5BD92E6BA7A37535 /* DisplaySection.swift */; };
		86FD1D0BE18C53A9F2D136FC /* CoreRouting in Frameworks */ = {isa = PBXBuildFile; productRef = 361EBE86862C04F207736117 /* CoreRouting */; };
		95F25117F336829F31773888 /* AppRootView.swift in Sources */ = {isa = PBXBuildFile; fileRef = 8172C23BE112C6BFD8D27007 /* AppRootView.swift */; };
		A7DB6651E2C7C759E0DB7FA2 /* Charts.framework in Frameworks */ = {isa = PBXBuildFile; fileRef = C2E780AE209C0CDA7D504DD2 /* Charts.framework */; };
		B1A4DA9B674AAAF6B40425DD /* IoniqTelemetryApp.swift in Sources */ = {isa = PBXBuildFile; fileRef = 734AFC3926EFA5634B2080D6 /* IoniqTelemetryApp.swift */; };
		B2FF332CEFAD88246DC5B1C1 /* PaywallViewModel.swift in Sources */ = {isa = PBXBuildFile; fileRef = F9C8ADDBDBC5A342476500F5 /* PaywallViewModel.swift */; };
		BABC7C03FA75D309033AE7FC /* CarPlayCoordinator.swift in Sources */ = {isa = PBXBuildFile; fileRef = CEE9272FAB694E0E7A2E71E6 /* CarPlayCoordinator.swift */; };
		C70DACC2EE93D18555F72C60 /* CopilotViewModel.swift in Sources */ = {isa = PBXBuildFile; fileRef = 6343C9F5E46B88A76EC642D4 /* CopilotViewModel.swift */; };
		C806C545266A393FF6046E31 /* CoreData in Frameworks */ = {isa = PBXBuildFile; productRef = CE94BDBFAE6356B793FDC1B5 /* CoreData */; };
		CD14EF3A45BD2BABB770F360 /* TripsViewModel.swift in Sources */ = {isa = PBXBuildFile; fileRef = 17DA8DC491CA28199554CE44 /* TripsViewModel.swift */; };
		DA711EE94721F86CDFC4F3D2 /* Speech.framework in Frameworks */ = {isa = PBXBuildFile; fileRef = 1025A4ECE56E6140DA4895E4 /* Speech.framework */; };
		DDBA760A7159403F6F7ED913 /* MapKit.framework in Frameworks */ = {isa = PBXBuildFile; fileRef = F928199730EF5D5C4706F89A /* MapKit.framework */; };
		DE5B89219B64A8133FF439A2 /* CoreUI in Frameworks */ = {isa = PBXBuildFile; productRef = B5D04FA331DABD94427A1A3F /* CoreUI */; };
		F3B564D252CFF1EA0DF1F0D1 /* AiAndRoutingSections.swift in Sources */ = {isa = PBXBuildFile; fileRef = 133D14427B0062FE116986F1 /* AiAndRoutingSections.swift */; };
		F5358B51092E6DF7F0F23662 /* TripsView.swift in Sources */ = {isa = PBXBuildFile; fileRef = BA7CF9643A43B2EB650FBB1C /* TripsView.swift */; };
		F8682992E3B4E8CF5CBAA411 /* AVFoundation.framework in Frameworks */ = {isa = PBXBuildFile; fileRef = 39E4C656FFEE54E2D359DFD6 /* AVFoundation.framework */; };
		F991904E691DCA5B7CA8D426 /* AdapterPickerSheet.swift in Sources */ = {isa = PBXBuildFile; fileRef = B42B4D82470CE7E0B542CE25 /* AdapterPickerSheet.swift */; };
		FA542286530179946F914549 /* CoreOBD in Frameworks */ = {isa = PBXBuildFile; productRef = 4B422C736FBB62FCA4883CB1 /* CoreOBD */; };
/* End PBXBuildFile section */

/* Begin PBXContainerItemProxy section */
		5C205E1DEB0A93F6760BE254 /* PBXContainerItemProxy */ = {
			isa = PBXContainerItemProxy;
			containerPortal = B71A3E7A38BFAAB0B0C4A771 /* Project object */;
			proxyType = 1;
			remoteGlobalIDString = F977AC26DC85D302D89A4B9B;
			remoteInfo = IoniqTelemetry;
		};
/* End PBXContainerItemProxy section */

/* Begin PBXFileReference section */
		02F27779AB748111ADD5A0EE /* CoreDomain */ = {isa = PBXFileReference; lastKnownFileType = folder; name = CoreDomain; path = Packages/CoreDomain; sourceTree = SOURCE_ROOT; };
		1025A4ECE56E6140DA4895E4 /* Speech.framework */ = {isa = PBXFileReference; lastKnownFileType = wrapper.framework; name = Speech.framework; path = System/Library/Frameworks/Speech.framework; sourceTree = SDKROOT; };
		133D14427B0062FE116986F1 /* AiAndRoutingSections.swift */ = {isa = PBXFileReference; lastKnownFileType = sourcecode.swift; path = AiAndRoutingSections.swift; sourceTree = "<group>"; };
		17DA8DC491CA28199554CE44 /* TripsViewModel.swift */ = {isa = PBXFileReference; lastKnownFileType = sourcecode.swift; path = TripsViewModel.swift; sourceTree = "<group>"; };
		1B6ECC04918055FCDD1B2BFB /* SettingsView.swift */ = {isa = PBXFileReference; lastKnownFileType = sourcecode.swift; path = SettingsView.swift; sourceTree = "<group>"; };
		2778BB8F33F074543D1B90F2 /* PlanViewModel.swift */ = {isa = PBXFileReference; lastKnownFileType = sourcecode.swift; path = PlanViewModel.swift; sourceTree = "<group>"; };
		27EDF8359710AED96EF1DC16 /* VehicleLocationProvider.swift */ = {isa = PBXFileReference; lastKnownFileType = sourcecode.swift; path = VehicleLocationProvider.swift; sourceTree = "<group>"; };
		39E4C656FFEE54E2D359DFD6 /* AVFoundation.framework */ = {isa = PBXFileReference; lastKnownFileType = wrapper.framework; name = AVFoundation.framework; path = System/Library/Frameworks/AVFoundation.framework; sourceTree = SDKROOT; };
		3BD0F36BBF1F0EC4A7BF4C1D /* CoreUI */ = {isa = PBXFileReference; lastKnownFileType = folder; name = CoreUI; path = Packages/CoreUI; sourceTree = SOURCE_ROOT; };
		3F6099A4448EEBE22D1F18A1 /* StoreKit.framework */ = {isa = PBXFileReference; lastKnownFileType = wrapper.framework; name = StoreKit.framework; path = System/Library/Frameworks/StoreKit.framework; sourceTree = SDKROOT; };
		47AD48321C5F8754904DC3A3 /* DashboardViewModel.swift */ = {isa = PBXFileReference; lastKnownFileType = sourcecode.swift; path = DashboardViewModel.swift; sourceTree = "<group>"; };
		54C12EF4A0F03A94394B3443 /* SwiftData.framework */ = {isa = PBXFileReference; lastKnownFileType = wrapper.framework; name = SwiftData.framework; path = System/Library/Frameworks/SwiftData.framework; sourceTree = SDKROOT; };
		5CA626BD167720CB91E5DA00 /* SettingsViewModel.swift */ = {isa = PBXFileReference; lastKnownFileType = sourcecode.swift; path = SettingsViewModel.swift; sourceTree = "<group>"; };
		5CD51D249AA7A6761D98B76D /* CarPlay.framework */ = {isa = PBXFileReference; lastKnownFileType = wrapper.framework; name = CarPlay.framework; path = System/Library/Frameworks/CarPlay.framework; sourceTree = SDKROOT; };
		6343C9F5E46B88A76EC642D4 /* CopilotViewModel.swift */ = {isa = PBXFileReference; lastKnownFileType = sourcecode.swift; path = CopilotViewModel.swift; sourceTree = "<group>"; };
		67165E3C3B428C078A95ED99 /* LaunchScreen.storyboard */ = {isa = PBXFileReference; lastKnownFileType = file.storyboard; path = LaunchScreen.storyboard; sourceTree = "<group>"; };
		6F4CB406BD5FDC8C8BFD3789 /* CoreData */ = {isa = PBXFileReference; lastKnownFileType = folder; name = CoreData; path = Packages/CoreData; sourceTree = SOURCE_ROOT; };
		71E75764760802E4E8D492C3 /* Assets.xcassets */ = {isa = PBXFileReference; lastKnownFileType = folder.assetcatalog; path = Assets.xcassets; sourceTree = "<group>"; };
		734AFC3926EFA5634B2080D6 /* IoniqTelemetryApp.swift */ = {isa = PBXFileReference; lastKnownFileType = sourcecode.swift; path = IoniqTelemetryApp.swift; sourceTree = "<group>"; };
		7989C5DE8BAB8D4052549AB7 /* PaywallView.swift */ = {isa = PBXFileReference; lastKnownFileType = sourcecode.swift; path = PaywallView.swift; sourceTree = "<group>"; };
		7A7AC19356FAE862F3F3F8B1 /* Secrets.xcconfig */ = {isa = PBXFileReference; lastKnownFileType = text.xcconfig; path = Secrets.xcconfig; sourceTree = "<group>"; };
		7B3BD72A95E554A583F634A7 /* IoniqTelemetry.app */ = {isa = PBXFileReference; includeInIndex = 0; lastKnownFileType = wrapper.application; path = IoniqTelemetry.app; sourceTree = BUILT_PRODUCTS_DIR; };
		8172C23BE112C6BFD8D27007 /* AppRootView.swift */ = {isa = PBXFileReference; lastKnownFileType = sourcecode.swift; path = AppRootView.swift; sourceTree = "<group>"; };
		88D3784E71C842EED4005A96 /* TripDetailView.swift */ = {isa = PBXFileReference; lastKnownFileType = sourcecode.swift; path = TripDetailView.swift; sourceTree = "<group>"; };
		89B30D3916F39057886D6B58 /* VehiclePickerSheet.swift */ = {isa = PBXFileReference; lastKnownFileType = sourcecode.swift; path = VehiclePickerSheet.swift; sourceTree = "<group>"; };
		9A602CFDC8597B98B79771BF /* CarPlayPointOfInterest.swift */ = {isa = PBXFileReference; lastKnownFileType = sourcecode.swift; path = CarPlayPointOfInterest.swift; sourceTree = "<group>"; };
		9E81703FF6D9ABDDBA38FDCD /* DashboardView.swift */ = {isa = PBXFileReference; lastKnownFileType = sourcecode.swift; path = DashboardView.swift; sourceTree = "<group>"; };
		9FAD7209721D00BF6A517CFA /* MapsNavigation.swift */ = {isa = PBXFileReference; lastKnownFileType = sourcecode.swift; path = MapsNavigation.swift; sourceTree = "<group>"; };
		B42B4D82470CE7E0B542CE25 /* AdapterPickerSheet.swift */ = {isa = PBXFileReference; lastKnownFileType = sourcecode.swift; path = AdapterPickerSheet.swift; sourceTree = "<group>"; };
		B92C9548673D78AA607E3859 /* PlanView.swift */ = {isa = PBXFileReference; lastKnownFileType = sourcecode.swift; path = PlanView.swift; sourceTree = "<group>"; };
		BA7CF9643A43B2EB650FBB1C /* TripsView.swift */ = {isa = PBXFileReference; lastKnownFileType = sourcecode.swift; path = TripsView.swift; sourceTree = "<group>"; };
		C099E3944C24DCE57842106B /* BackgroundTasks.framework */ = {isa = PBXFileReference; lastKnownFileType = wrapper.framework; name = BackgroundTasks.framework; path = System/Library/Frameworks/BackgroundTasks.framework; sourceTree = SDKROOT; };
		C2E780AE209C0CDA7D504DD2 /* Charts.framework */ = {isa = PBXFileReference; lastKnownFileType = wrapper.framework; name = Charts.framework; path = System/Library/Frameworks/Charts.framework; sourceTree = SDKROOT; };
		C957AE90FEEF961928BE8F4A /* CarPlaySceneDelegate.swift */ = {isa = PBXFileReference; lastKnownFileType = sourcecode.swift; path = CarPlaySceneDelegate.swift; sourceTree = "<group>"; };
		CAA05DCFB71BC190BABB2E56 /* SwiftUI.framework */ = {isa = PBXFileReference; lastKnownFileType = wrapper.framework; name = SwiftUI.framework; path = System/Library/Frameworks/SwiftUI.framework; sourceTree = SDKROOT; };
		CEE9272FAB694E0E7A2E71E6 /* CarPlayCoordinator.swift */ = {isa = PBXFileReference; lastKnownFileType = sourcecode.swift; path = CarPlayCoordinator.swift; sourceTree = "<group>"; };
		CFDF516A468A77CCD6985D3A /* DataSection.swift */ = {isa = PBXFileReference; lastKnownFileType = sourcecode.swift; path = DataSection.swift; sourceTree = "<group>"; };
		D0B90C783C3ACAF0CB846BA4 /* IoniqTelemetry-CarPlay.entitlements */ = {isa = PBXFileReference; lastKnownFileType = text.plist.entitlements; path = "IoniqTelemetry-CarPlay.entitlements"; sourceTree = "<group>"; };
		D0F20D65CD1E45F443D1A915 /* ConnectedCarService.swift */ = {isa = PBXFileReference; lastKnownFileType = sourcecode.swift; path = ConnectedCarService.swift; sourceTree = "<group>"; };
		D76ACB924B36FF8C171B52B1 /* AlertNotifier.swift */ = {isa = PBXFileReference; lastKnownFileType = sourcecode.swift; path = AlertNotifier.swift; sourceTree = "<group>"; };
		DB74CB948B1F7C8C5CAC6D43 /* IoniqTelemetry.entitlements */ = {isa = PBXFileReference; lastKnownFileType = text.plist.entitlements; path = IoniqTelemetry.entitlements; sourceTree = "<group>"; };
		DF1CB89F2E357CB529065A64 /* CopilotView.swift */ = {isa = PBXFileReference; lastKnownFileType = sourcecode.swift; path = CopilotView.swift; sourceTree = "<group>"; };
		E00DDEEE5BD92E6BA7A37535 /* DisplaySection.swift */ = {isa = PBXFileReference; lastKnownFileType = sourcecode.swift; path = DisplaySection.swift; sourceTree = "<group>"; };
		E478B08AFC2545C89E60B30C /* AppServices.swift */ = {isa = PBXFileReference; lastKnownFileType = sourcecode.swift; path = AppServices.swift; sourceTree = "<group>"; };
		E87216F0D499E20E17EFB892 /* CoreRouting */ = {isa = PBXFileReference; lastKnownFileType = folder; name = CoreRouting; path = Packages/CoreRouting; sourceTree = SOURCE_ROOT; };
		E895DF443FCEEE5C5E060871 /* CoreBluetooth.framework */ = {isa = PBXFileReference; lastKnownFileType = wrapper.framework; name = CoreBluetooth.framework; path = System/Library/Frameworks/CoreBluetooth.framework; sourceTree = SDKROOT; };
		F51589414820D8BEF9A7ACFC /* IoniqTelemetryTests.xctest */ = {isa = PBXFileReference; includeInIndex = 0; lastKnownFileType = wrapper.cfbundle; path = IoniqTelemetryTests.xctest; sourceTree = BUILT_PRODUCTS_DIR; };
		F928199730EF5D5C4706F89A /* MapKit.framework */ = {isa = PBXFileReference; lastKnownFileType = wrapper.framework; name = MapKit.framework; path = System/Library/Frameworks/MapKit.framework; sourceTree = SDKROOT; };
		F9C8ADDBDBC5A342476500F5 /* PaywallViewModel.swift */ = {isa = PBXFileReference; lastKnownFileType = sourcecode.swift; path = PaywallViewModel.swift; sourceTree = "<group>"; };
		FA825B4B1990979DE281BFFD /* CoreOBD */ = {isa = PBXFileReference; lastKnownFileType = folder; name = CoreOBD; path = Packages/CoreOBD; sourceTree = SOURCE_ROOT; };
		FEA80BC3B62D16E7B2F8DA9B /* Info.plist */ = {isa = PBXFileReference; lastKnownFileType = text.plist; path = Info.plist; sourceTree = "<group>"; };
/* End PBXFileReference section */

/* Begin PBXFrameworksBuildPhase section */
		2B07E3995F6664FE73D0CAB5 /* Frameworks */ = {
			isa = PBXFrameworksBuildPhase;
			buildActionMask = 2147483647;
			files = (
				FA542286530179946F914549 /* CoreOBD in Frameworks */,
				24C8D39662D6A39F7ACFB79F /* CoreDomain in Frameworks */,
				C806C545266A393FF6046E31 /* CoreData in Frameworks */,
				86FD1D0BE18C53A9F2D136FC /* CoreRouting in Frameworks */,
				DE5B89219B64A8133FF439A2 /* CoreUI in Frameworks */,
				602315C0596033975E43E07F /* CoreBluetooth.framework in Frameworks */,
				3729A76F447A55EA00F35DAE /* CarPlay.framework in Frameworks */,
				DDBA760A7159403F6F7ED913 /* MapKit.framework in Frameworks */,
				7D8AD819E4D270C82B43EE9F /* SwiftUI.framework in Frameworks */,
				2B0F7DBB540A6AC24475378A /* SwiftData.framework in Frameworks */,
				65E8F435BBCCED2E88B9C46C /* StoreKit.framework in Frameworks */,
				174595709A407F6AB393DC79 /* BackgroundTasks.framework in Frameworks */,
				A7DB6651E2C7C759E0DB7FA2 /* Charts.framework in Frameworks */,
				DA711EE94721F86CDFC4F3D2 /* Speech.framework in Frameworks */,
				F8682992E3B4E8CF5CBAA411 /* AVFoundation.framework in Frameworks */,
			);
			runOnlyForDeploymentPostprocessing = 0;
		};
/* End PBXFrameworksBuildPhase section */

/* Begin PBXGroup section */
		0C1A0ECD81F0C5C01E8F1446 /* Service */ = {
			isa = PBXGroup;
			children = (
				D76ACB924B36FF8C171B52B1 /* AlertNotifier.swift */,
				D0F20D65CD1E45F443D1A915 /* ConnectedCarService.swift */,
				27EDF8359710AED96EF1DC16 /* VehicleLocationProvider.swift */,
			);
			path = Service;
			sourceTree = "<group>";
		};
		31ACCDC6B34C527227CF05CC /* UI */ = {
			isa = PBXGroup;
			children = (
				4676B546C4BF7CBCF04113D1 /* Components */,
				7F06D6C7D44A1C4C3713DE60 /* Dashboard */,
				C19C0657CF43D6ABD700DECE /* Paywall */,
				D6B352999AF9493821D40901 /* Plan */,
				E8362811379CFDBC4ABEE4A1 /* Settings */,
				E2527C2881C4105CF0E7D819 /* Trips */,
			);
			path = UI;
			sourceTree = "<group>";
		};
		4676B546C4BF7CBCF04113D1 /* Components */ = {
			isa = PBXGroup;
			children = (
				DF1CB89F2E357CB529065A64 /* CopilotView.swift */,
				6343C9F5E46B88A76EC642D4 /* CopilotViewModel.swift */,
			);
			path = Components;
			sourceTree = "<group>";
		};
		4E4814EB891D889E5166DD78 /* IoniqTelemetry */ = {
			isa = PBXGroup;
			children = (
				DC199ACBB4EE629F5B321E67 /* App */,
				52DF0CE4A18B757E3A1552EA /* CarPlay */,
				6C58EDBFB8AD6268EB28DA8D /* Navigation */,
				F48AC3DF9A9BF94B384BA561 /* Resources */,
				0C1A0ECD81F0C5C01E8F1446 /* Service */,
				31ACCDC6B34C527227CF05CC /* UI */,
			);
			path = IoniqTelemetry;
			sourceTree = "<group>";
		};
		52DF0CE4A18B757E3A1552EA /* CarPlay */ = {
			isa = PBXGroup;
			children = (
				CEE9272FAB694E0E7A2E71E6 /* CarPlayCoordinator.swift */,
				9A602CFDC8597B98B79771BF /* CarPlayPointOfInterest.swift */,
				C957AE90FEEF961928BE8F4A /* CarPlaySceneDelegate.swift */,
			);
			path = CarPlay;
			sourceTree = "<group>";
		};
		6C3D7B8736A4CAF3728E0DCA /* Packages */ = {
			isa = PBXGroup;
			children = (
				6F4CB406BD5FDC8C8BFD3789 /* CoreData */,
				02F27779AB748111ADD5A0EE /* CoreDomain */,
				FA825B4B1990979DE281BFFD /* CoreOBD */,
				E87216F0D499E20E17EFB892 /* CoreRouting */,
				3BD0F36BBF1F0EC4A7BF4C1D /* CoreUI */,
			);
			path = Packages;
			sourceTree = "<group>";
		};
		6C58EDBFB8AD6268EB28DA8D /* Navigation */ = {
			isa = PBXGroup;
			children = (
				9FAD7209721D00BF6A517CFA /* MapsNavigation.swift */,
			);
			path = Navigation;
			sourceTree = "<group>";
		};
		7699C1A1B2022B939B3EBD67 /* Products */ = {
			isa = PBXGroup;
			children = (
				7B3BD72A95E554A583F634A7 /* IoniqTelemetry.app */,
				F51589414820D8BEF9A7ACFC /* IoniqTelemetryTests.xctest */,
			);
			name = Products;
			sourceTree = "<group>";
		};
		7F06D6C7D44A1C4C3713DE60 /* Dashboard */ = {
			isa = PBXGroup;
			children = (
				9E81703FF6D9ABDDBA38FDCD /* DashboardView.swift */,
				47AD48321C5F8754904DC3A3 /* DashboardViewModel.swift */,
			);
			path = Dashboard;
			sourceTree = "<group>";
		};
		841728492C6D28FCDDDF15C7 /* Frameworks */ = {
			isa = PBXGroup;
			children = (
				39E4C656FFEE54E2D359DFD6 /* AVFoundation.framework */,
				C099E3944C24DCE57842106B /* BackgroundTasks.framework */,
				5CD51D249AA7A6761D98B76D /* CarPlay.framework */,
				C2E780AE209C0CDA7D504DD2 /* Charts.framework */,
				E895DF443FCEEE5C5E060871 /* CoreBluetooth.framework */,
				F928199730EF5D5C4706F89A /* MapKit.framework */,
				1025A4ECE56E6140DA4895E4 /* Speech.framework */,
				3F6099A4448EEBE22D1F18A1 /* StoreKit.framework */,
				54C12EF4A0F03A94394B3443 /* SwiftData.framework */,
				CAA05DCFB71BC190BABB2E56 /* SwiftUI.framework */,
			);
			name = Frameworks;
			sourceTree = "<group>";
		};
		906E82DC3E5206E772840AE6 /* Components */ = {
			isa = PBXGroup;
			children = (
				B42B4D82470CE7E0B542CE25 /* AdapterPickerSheet.swift */,
				133D14427B0062FE116986F1 /* AiAndRoutingSections.swift */,
				CFDF516A468A77CCD6985D3A /* DataSection.swift */,
				E00DDEEE5BD92E6BA7A37535 /* DisplaySection.swift */,
				89B30D3916F39057886D6B58 /* VehiclePickerSheet.swift */,
			);
			path = Components;
			sourceTree = "<group>";
		};
		B23FCFA5E1ABF2C7D88320D3 /* ioniq-telemetry-ios */ = {
			isa = PBXGroup;
			children = (
				7A7AC19356FAE862F3F3F8B1 /* Secrets.xcconfig */,
			);
			name = "ioniq-telemetry-ios";
			path = .;
			sourceTree = "<group>";
		};
		C19C0657CF43D6ABD700DECE /* Paywall */ = {
			isa = PBXGroup;
			children = (
				7989C5DE8BAB8D4052549AB7 /* PaywallView.swift */,
				F9C8ADDBDBC5A342476500F5 /* PaywallViewModel.swift */,
			);
			path = Paywall;
			sourceTree = "<group>";
		};
		C8552EFF225ABAD148A49A9D = {
			isa = PBXGroup;
			children = (
				B23FCFA5E1ABF2C7D88320D3 /* ioniq-telemetry-ios */,
				4E4814EB891D889E5166DD78 /* IoniqTelemetry */,
				E3B07F07FFBF7931162ED362 /* IoniqTelemetryTests */,
				6C3D7B8736A4CAF3728E0DCA /* Packages */,
				841728492C6D28FCDDDF15C7 /* Frameworks */,
				7699C1A1B2022B939B3EBD67 /* Products */,
			);
			sourceTree = "<group>";
		};
		D6B352999AF9493821D40901 /* Plan */ = {
			isa = PBXGroup;
			children = (
				B92C9548673D78AA607E3859 /* PlanView.swift */,
				2778BB8F33F074543D1B90F2 /* PlanViewModel.swift */,
			);
			path = Plan;
			sourceTree = "<group>";
		};
		DC199ACBB4EE629F5B321E67 /* App */ = {
			isa = PBXGroup;
			children = (
				8172C23BE112C6BFD8D27007 /* AppRootView.swift */,
				E478B08AFC2545C89E60B30C /* AppServices.swift */,
				734AFC3926EFA5634B2080D6 /* IoniqTelemetryApp.swift */,
			);
			path = App;
			sourceTree = "<group>";
		};
		E2527C2881C4105CF0E7D819 /* Trips */ = {
			isa = PBXGroup;
			children = (
				88D3784E71C842EED4005A96 /* TripDetailView.swift */,
				BA7CF9643A43B2EB650FBB1C /* TripsView.swift */,
				17DA8DC491CA28199554CE44 /* TripsViewModel.swift */,
			);
			path = Trips;
			sourceTree = "<group>";
		};
		E3B07F07FFBF7931162ED362 /* IoniqTelemetryTests */ = {
			isa = PBXGroup;
			children = (
			);
			path = IoniqTelemetryTests;
			sourceTree = "<group>";
		};
		E8362811379CFDBC4ABEE4A1 /* Settings */ = {
			isa = PBXGroup;
			children = (
				1B6ECC04918055FCDD1B2BFB /* SettingsView.swift */,
				5CA626BD167720CB91E5DA00 /* SettingsViewModel.swift */,
				906E82DC3E5206E772840AE6 /* Components */,
			);
			path = Settings;
			sourceTree = "<group>";
		};
		F48AC3DF9A9BF94B384BA561 /* Resources */ = {
			isa = PBXGroup;
			children = (
				71E75764760802E4E8D492C3 /* Assets.xcassets */,
				FEA80BC3B62D16E7B2F8DA9B /* Info.plist */,
				D0B90C783C3ACAF0CB846BA4 /* IoniqTelemetry-CarPlay.entitlements */,
				DB74CB948B1F7C8C5CAC6D43 /* IoniqTelemetry.entitlements */,
				67165E3C3B428C078A95ED99 /* LaunchScreen.storyboard */,
			);
			path = Resources;
			sourceTree = "<group>";
		};
/* End PBXGroup section */

/* Begin PBXNativeTarget section */
		E02A0C2C6DD3F5419D371F23 /* IoniqTelemetryTests */ = {
			isa = PBXNativeTarget;
			buildConfigurationList = DBCDF476678587180D11E5BC /* Build configuration list for PBXNativeTarget "IoniqTelemetryTests" */;
			buildPhases = (
				3AE87E9B8FA999B7A3E48025 /* Sources */,
			);
			buildRules = (
			);
			dependencies = (
				7F069066C5AF89592DCF7394 /* PBXTargetDependency */,
			);
			name = IoniqTelemetryTests;
			packageProductDependencies = (
			);
			productName = IoniqTelemetryTests;
			productReference = F51589414820D8BEF9A7ACFC /* IoniqTelemetryTests.xctest */;
			productType = "com.apple.product-type.bundle.unit-test";
		};
		F977AC26DC85D302D89A4B9B /* IoniqTelemetry */ = {
			isa = PBXNativeTarget;
			buildConfigurationList = 4D74A71341D193A3E634821B /* Build configuration list for PBXNativeTarget "IoniqTelemetry" */;
			buildPhases = (
				2E398916D432803088BE1D4E /* Sources */,
				DF862B193AA36ED185977B99 /* Resources */,
				2B07E3995F6664FE73D0CAB5 /* Frameworks */,
			);
			buildRules = (
			);
			dependencies = (
			);
			name = IoniqTelemetry;
			packageProductDependencies = (
				4B422C736FBB62FCA4883CB1 /* CoreOBD */,
				8BB3F88CBE4887CACB9E40B8 /* CoreDomain */,
				CE94BDBFAE6356B793FDC1B5 /* CoreData */,
				361EBE86862C04F207736117 /* CoreRouting */,
				B5D04FA331DABD94427A1A3F /* CoreUI */,
			);
			productName = IoniqTelemetry;
			productReference = 7B3BD72A95E554A583F634A7 /* IoniqTelemetry.app */;
			productType = "com.apple.product-type.application";
		};
/* End PBXNativeTarget section */

/* Begin PBXProject section */
		B71A3E7A38BFAAB0B0C4A771 /* Project object */ = {
			isa = PBXProject;
			attributes = {
				BuildIndependentTargetsInParallel = YES;
				LastUpgradeCheck = 1600;
				TargetAttributes = {
					E02A0C2C6DD3F5419D371F23 = {
						DevelopmentTeam = S232V5F699;
					};
					F977AC26DC85D302D89A4B9B = {
						DevelopmentTeam = S232V5F699;
					};
				};
			};
			buildConfigurationList = 3CFE123C0B1AB7569656E767 /* Build configuration list for PBXProject "IoniqTelemetry" */;
			developmentRegion = en;
			hasScannedForEncodings = 0;
			knownRegions = (
				Base,
				en,
			);
			mainGroup = C8552EFF225ABAD148A49A9D;
			minimizedProjectReferenceProxies = 1;
			packageReferences = (
				2D42D33C55F2F2A6D57B2F6F /* XCLocalSwiftPackageReference "Packages/CoreData" */,
				F92371F4E8AA2129F9927212 /* XCLocalSwiftPackageReference "Packages/CoreDomain" */,
				0B213F7FFAEC68AAF233E810 /* XCLocalSwiftPackageReference "Packages/CoreOBD" */,
				600E7DEE553549174A822352 /* XCLocalSwiftPackageReference "Packages/CoreRouting" */,
				CA2C471130AA19D855390F40 /* XCLocalSwiftPackageReference "Packages/CoreUI" */,
			);
			preferredProjectObjectVersion = 77;
			productRefGroup = 7699C1A1B2022B939B3EBD67 /* Products */;
			projectDirPath = "";
			projectRoot = "";
			targets = (
				F977AC26DC85D302D89A4B9B /* IoniqTelemetry */,
				E02A0C2C6DD3F5419D371F23 /* IoniqTelemetryTests */,
			);
		};
/* End PBXProject section */

/* Begin PBXResourcesBuildPhase section */
		DF862B193AA36ED185977B99 /* Resources */ = {
			isa = PBXResourcesBuildPhase;
			buildActionMask = 2147483647;
			files = (
				4D000C0C958F411F7D6A3FF4 /* Assets.xcassets in Resources */,
				64437CD9A71B3719571633A9 /* LaunchScreen.storyboard in Resources */,
			);
			runOnlyForDeploymentPostprocessing = 0;
		};
/* End PBXResourcesBuildPhase section */

/* Begin PBXSourcesBuildPhase section */
		2E398916D432803088BE1D4E /* Sources */ = {
			isa = PBXSourcesBuildPhase;
			buildActionMask = 2147483647;
			files = (
				F991904E691DCA5B7CA8D426 /* AdapterPickerSheet.swift in Sources */,
				F3B564D252CFF1EA0DF1F0D1 /* AiAndRoutingSections.swift in Sources */,
				7174DAD475B5F29FFCBFF102 /* AlertNotifier.swift in Sources */,
				95F25117F336829F31773888 /* AppRootView.swift in Sources */,
				7B55233B7E5EEAA127719D42 /* AppServices.swift in Sources */,
				BABC7C03FA75D309033AE7FC /* CarPlayCoordinator.swift in Sources */,
				69F5F70B3E2F96A762AA0C92 /* CarPlayPointOfInterest.swift in Sources */,
				38618D9EAA1DD709A42A9D35 /* CarPlaySceneDelegate.swift in Sources */,
				1592D3CA6415713CFB3D725E /* ConnectedCarService.swift in Sources */,
				5E4FEF21B4719E29D022AD31 /* CopilotView.swift in Sources */,
				C70DACC2EE93D18555F72C60 /* CopilotViewModel.swift in Sources */,
				679881A44DC2201BC2416EB3 /* DashboardView.swift in Sources */,
				713585F39A0A3E6CD1C7C39A /* DashboardViewModel.swift in Sources */,
				3C30C239DD74918E41A5034F /* DataSection.swift in Sources */,
				82BD22F8A6DFE7105725A9B1 /* DisplaySection.swift in Sources */,
				B1A4DA9B674AAAF6B40425DD /* IoniqTelemetryApp.swift in Sources */,
				0B661B348BCFD37E44E4F40A /* MapsNavigation.swift in Sources */,
				0C6B1ADF300322C93745F9F3 /* PaywallView.swift in Sources */,
				B2FF332CEFAD88246DC5B1C1 /* PaywallViewModel.swift in Sources */,
				13BAD2FF5C03019D0DDF41F3 /* PlanView.swift in Sources */,
				19040C47B7B85C6DB8AF88EE /* PlanViewModel.swift in Sources */,
				449483518D023F014ABE7E73 /* SettingsView.swift in Sources */,
				7BFD7C815E57122C9FA9009A /* SettingsViewModel.swift in Sources */,
				488D648D249927D9FC127D94 /* TripDetailView.swift in Sources */,
				F5358B51092E6DF7F0F23662 /* TripsView.swift in Sources */,
				CD14EF3A45BD2BABB770F360 /* TripsViewModel.swift in Sources */,
				58FF896F28601DACFC7E543E /* VehicleLocationProvider.swift in Sources */,
				29993D664074FA2464D98DB2 /* VehiclePickerSheet.swift in Sources */,
			);
			runOnlyForDeploymentPostprocessing = 0;
		};
		3AE87E9B8FA999B7A3E48025 /* Sources */ = {
			isa = PBXSourcesBuildPhase;
			buildActionMask = 2147483647;
			files = (
			);
			runOnlyForDeploymentPostprocessing = 0;
		};
/* End PBXSourcesBuildPhase section */

/* Begin PBXTargetDependency section */
		7F069066C5AF89592DCF7394 /* PBXTargetDependency */ = {
			isa = PBXTargetDependency;
			target = F977AC26DC85D302D89A4B9B /* IoniqTelemetry */;
			targetProxy = 5C205E1DEB0A93F6760BE254 /* PBXContainerItemProxy */;
		};
/* End PBXTargetDependency section */

/* Begin XCBuildConfiguration section */
		134BCCF2C48EC31E2435D282 /* Debug */ = {
			isa = XCBuildConfiguration;
			buildSettings = {
				ALWAYS_SEARCH_USER_PATHS = NO;
				CLANG_ANALYZER_NONNULL = YES;
				CLANG_ANALYZER_NUMBER_OBJECT_CONVERSION = YES_AGGRESSIVE;
				CLANG_CXX_LANGUAGE_STANDARD = "gnu++14";
				CLANG_CXX_LIBRARY = "libc++";
				CLANG_ENABLE_MODULES = YES;
				CLANG_ENABLE_OBJC_ARC = YES;
				CLANG_ENABLE_OBJC_WEAK = YES;
				CLANG_WARN_BLOCK_CAPTURE_AUTORELEASING = YES;
				CLANG_WARN_BOOL_CONVERSION = YES;
				CLANG_WARN_COMMA = YES;
				CLANG_WARN_CONSTANT_CONVERSION = YES;
				CLANG_WARN_DEPRECATED_OBJC_IMPLEMENTATIONS = YES;
				CLANG_WARN_DIRECT_OBJC_ISA_USAGE = YES_ERROR;
				CLANG_WARN_DOCUMENTATION_COMMENTS = YES;
				CLANG_WARN_EMPTY_BODY = YES;
				CLANG_WARN_ENUM_CONVERSION = YES;
				CLANG_WARN_INFINITE_RECURSION = YES;
				CLANG_WARN_INT_CONVERSION = YES;
				CLANG_WARN_NON_LITERAL_NULL_CONVERSION = YES;
				CLANG_WARN_OBJC_IMPLICIT_RETAIN_SELF = YES;
				CLANG_WARN_OBJC_LITERAL_CONVERSION = YES;
				CLANG_WARN_OBJC_ROOT_CLASS = YES_ERROR;
				CLANG_WARN_QUOTED_INCLUDE_IN_FRAMEWORK_HEADER = YES;
				CLANG_WARN_RANGE_LOOP_ANALYSIS = YES;
				CLANG_WARN_STRICT_PROTOTYPES = YES;
				CLANG_WARN_SUSPICIOUS_MOVE = YES;
				CLANG_WARN_UNGUARDED_AVAILABILITY = YES_AGGRESSIVE;
				CLANG_WARN_UNREACHABLE_CODE = YES;
				CLANG_WARN__DUPLICATE_METHOD_MATCH = YES;
				COPY_PHASE_STRIP = NO;
				CURRENT_PROJECT_VERSION = 14;
				DEBUG_INFORMATION_FORMAT = dwarf;
				DEVELOPMENT_TEAM = S232V5F699;
				ENABLE_STRICT_OBJC_MSGSEND = YES;
				ENABLE_TESTABILITY = YES;
				GCC_C_LANGUAGE_STANDARD = gnu11;
				GCC_DYNAMIC_NO_PIC = NO;
				GCC_NO_COMMON_BLOCKS = YES;
				GCC_OPTIMIZATION_LEVEL = 0;
				GCC_PREPROCESSOR_DEFINITIONS = (
					"$(inherited)",
					"DEBUG=1",
				);
				GCC_WARN_64_TO_32_BIT_CONVERSION = YES;
				GCC_WARN_ABOUT_RETURN_TYPE = YES_ERROR;
				GCC_WARN_UNDECLARED_SELECTOR = YES;
				GCC_WARN_UNINITIALIZED_AUTOS = YES_AGGRESSIVE;
				GCC_WARN_UNUSED_FUNCTION = YES;
				GCC_WARN_UNUSED_VARIABLE = YES;
				IPHONEOS_DEPLOYMENT_TARGET = 17.0;
				ITSAppUsesNonExemptEncryption = NO;
				MARKETING_VERSION = 1.0.0;
				MTL_ENABLE_DEBUG_INFO = INCLUDE_SOURCE;
				MTL_FAST_MATH = YES;
				ONLY_ACTIVE_ARCH = YES;
				PRODUCT_NAME = "$(TARGET_NAME)";
				SDKROOT = iphoneos;
				SWIFT_ACTIVE_COMPILATION_CONDITIONS = DEBUG;
				SWIFT_OPTIMIZATION_LEVEL = "-Onone";
				SWIFT_VERSION = 6.0;
				TARGETED_DEVICE_FAMILY = 1;
			};
			name = Debug;
		};
		6A8B8CD868D85DDE81B435C2 /* Release */ = {
			isa = XCBuildConfiguration;
			baseConfigurationReference = 7A7AC19356FAE862F3F3F8B1 /* Secrets.xcconfig */;
			buildSettings = {
				ASSETCATALOG_COMPILER_APPICON_NAME = AppIcon;
				CODE_SIGN_ENTITLEMENTS = "IoniqTelemetry/Resources/IoniqTelemetry-CarPlay.entitlements";
				CODE_SIGN_IDENTITY = "iPhone Developer";
				DEFINES_MODULE = YES;
				INFOPLIST_FILE = IoniqTelemetry/Resources/Info.plist;
				LD_RUNPATH_SEARCH_PATHS = "@executable_path/Frameworks @loader_path/Frameworks";
				PRODUCT_BUNDLE_IDENTIFIER = com.fmz.IoniqTelemetry;
				SDKROOT = iphoneos;
				SWIFT_INSTALL_OBJC_HEADER = YES;
				TARGETED_DEVICE_FAMILY = 1;
			};
			name = Release;
		};
		724353CA55A5080D8A8DEB5C /* Release */ = {
			isa = XCBuildConfiguration;
			buildSettings = {
				ALWAYS_SEARCH_USER_PATHS = NO;
				CLANG_ANALYZER_NONNULL = YES;
				CLANG_ANALYZER_NUMBER_OBJECT_CONVERSION = YES_AGGRESSIVE;
				CLANG_CXX_LANGUAGE_STANDARD = "gnu++14";
				CLANG_CXX_LIBRARY = "libc++";
				CLANG_ENABLE_MODULES = YES;
				CLANG_ENABLE_OBJC_ARC = YES;
				CLANG_ENABLE_OBJC_WEAK = YES;
				CLANG_WARN_BLOCK_CAPTURE_AUTORELEASING = YES;
				CLANG_WARN_BOOL_CONVERSION = YES;
				CLANG_WARN_COMMA = YES;
				CLANG_WARN_CONSTANT_CONVERSION = YES;
				CLANG_WARN_DEPRECATED_OBJC_IMPLEMENTATIONS = YES;
				CLANG_WARN_DIRECT_OBJC_ISA_USAGE = YES_ERROR;
				CLANG_WARN_DOCUMENTATION_COMMENTS = YES;
				CLANG_WARN_EMPTY_BODY = YES;
				CLANG_WARN_ENUM_CONVERSION = YES;
				CLANG_WARN_INFINITE_RECURSION = YES;
				CLANG_WARN_INT_CONVERSION = YES;
				CLANG_WARN_NON_LITERAL_NULL_CONVERSION = YES;
				CLANG_WARN_OBJC_IMPLICIT_RETAIN_SELF = YES;
				CLANG_WARN_OBJC_LITERAL_CONVERSION = YES;
				CLANG_WARN_OBJC_ROOT_CLASS = YES_ERROR;
				CLANG_WARN_QUOTED_INCLUDE_IN_FRAMEWORK_HEADER = YES;
				CLANG_WARN_RANGE_LOOP_ANALYSIS = YES;
				CLANG_WARN_STRICT_PROTOTYPES = YES;
				CLANG_WARN_SUSPICIOUS_MOVE = YES;
				CLANG_WARN_UNGUARDED_AVAILABILITY = YES_AGGRESSIVE;
				CLANG_WARN_UNREACHABLE_CODE = YES;
				CLANG_WARN__DUPLICATE_METHOD_MATCH = YES;
				COPY_PHASE_STRIP = NO;
				CURRENT_PROJECT_VERSION = 14;
				DEBUG_INFORMATION_FORMAT = "dwarf-with-dsym";
				DEVELOPMENT_TEAM = S232V5F699;
				ENABLE_NS_ASSERTIONS = NO;
				ENABLE_STRICT_OBJC_MSGSEND = YES;
				GCC_C_LANGUAGE_STANDARD = gnu11;
				GCC_NO_COMMON_BLOCKS = YES;
				GCC_WARN_64_TO_32_BIT_CONVERSION = YES;
				GCC_WARN_ABOUT_RETURN_TYPE = YES_ERROR;
				GCC_WARN_UNDECLARED_SELECTOR = YES;
				GCC_WARN_UNINITIALIZED_AUTOS = YES_AGGRESSIVE;
				GCC_WARN_UNUSED_FUNCTION = YES;
				GCC_WARN_UNUSED_VARIABLE = YES;
				IPHONEOS_DEPLOYMENT_TARGET = 17.0;
				ITSAppUsesNonExemptEncryption = NO;
				MARKETING_VERSION = 1.0.0;
				MTL_ENABLE_DEBUG_INFO = NO;
				MTL_FAST_MATH = YES;
				PRODUCT_NAME = "$(TARGET_NAME)";
				SDKROOT = iphoneos;
				SWIFT_COMPILATION_MODE = wholemodule;
				SWIFT_OPTIMIZATION_LEVEL = "-O";
				SWIFT_VERSION = 6.0;
				TARGETED_DEVICE_FAMILY = 1;
			};
			name = Release;
		};
		75AC3DC9B6E6A4143148BF94 /* Debug-CarPlay */ = {
			isa = XCBuildConfiguration;
			buildSettings = {
				ALWAYS_SEARCH_USER_PATHS = NO;
				CLANG_ANALYZER_NONNULL = YES;
				CLANG_ANALYZER_NUMBER_OBJECT_CONVERSION = YES_AGGRESSIVE;
				CLANG_CXX_LANGUAGE_STANDARD = "gnu++14";
				CLANG_CXX_LIBRARY = "libc++";
				CLANG_ENABLE_MODULES = YES;
				CLANG_ENABLE_OBJC_ARC = YES;
				CLANG_ENABLE_OBJC_WEAK = YES;
				CLANG_WARN_BLOCK_CAPTURE_AUTORELEASING = YES;
				CLANG_WARN_BOOL_CONVERSION = YES;
				CLANG_WARN_COMMA = YES;
				CLANG_WARN_CONSTANT_CONVERSION = YES;
				CLANG_WARN_DEPRECATED_OBJC_IMPLEMENTATIONS = YES;
				CLANG_WARN_DIRECT_OBJC_ISA_USAGE = YES_ERROR;
				CLANG_WARN_DOCUMENTATION_COMMENTS = YES;
				CLANG_WARN_EMPTY_BODY = YES;
				CLANG_WARN_ENUM_CONVERSION = YES;
				CLANG_WARN_INFINITE_RECURSION = YES;
				CLANG_WARN_INT_CONVERSION = YES;
				CLANG_WARN_NON_LITERAL_NULL_CONVERSION = YES;
				CLANG_WARN_OBJC_IMPLICIT_RETAIN_SELF = YES;
				CLANG_WARN_OBJC_LITERAL_CONVERSION = YES;
				CLANG_WARN_OBJC_ROOT_CLASS = YES_ERROR;
				CLANG_WARN_QUOTED_INCLUDE_IN_FRAMEWORK_HEADER = YES;
				CLANG_WARN_RANGE_LOOP_ANALYSIS = YES;
				CLANG_WARN_STRICT_PROTOTYPES = YES;
				CLANG_WARN_SUSPICIOUS_MOVE = YES;
				CLANG_WARN_UNGUARDED_AVAILABILITY = YES_AGGRESSIVE;
				CLANG_WARN_UNREACHABLE_CODE = YES;
				CLANG_WARN__DUPLICATE_METHOD_MATCH = YES;
				COPY_PHASE_STRIP = NO;
				CURRENT_PROJECT_VERSION = 14;
				DEBUG_INFORMATION_FORMAT = dwarf;
				DEVELOPMENT_TEAM = S232V5F699;
				ENABLE_STRICT_OBJC_MSGSEND = YES;
				ENABLE_TESTABILITY = YES;
				GCC_C_LANGUAGE_STANDARD = gnu11;
				GCC_DYNAMIC_NO_PIC = NO;
				GCC_NO_COMMON_BLOCKS = YES;
				GCC_OPTIMIZATION_LEVEL = 0;
				GCC_PREPROCESSOR_DEFINITIONS = (
					"$(inherited)",
					"DEBUG=1",
				);
				GCC_WARN_64_TO_32_BIT_CONVERSION = YES;
				GCC_WARN_ABOUT_RETURN_TYPE = YES_ERROR;
				GCC_WARN_UNDECLARED_SELECTOR = YES;
				GCC_WARN_UNINITIALIZED_AUTOS = YES_AGGRESSIVE;
				GCC_WARN_UNUSED_FUNCTION = YES;
				GCC_WARN_UNUSED_VARIABLE = YES;
				IPHONEOS_DEPLOYMENT_TARGET = 17.0;
				ITSAppUsesNonExemptEncryption = NO;
				MARKETING_VERSION = 1.0.0;
				MTL_ENABLE_DEBUG_INFO = INCLUDE_SOURCE;
				MTL_FAST_MATH = YES;
				ONLY_ACTIVE_ARCH = YES;
				PRODUCT_NAME = "$(TARGET_NAME)";
				SDKROOT = iphoneos;
				SWIFT_ACTIVE_COMPILATION_CONDITIONS = DEBUG;
				SWIFT_OPTIMIZATION_LEVEL = "-Onone";
				SWIFT_VERSION = 6.0;
				TARGETED_DEVICE_FAMILY = 1;
			};
			name = "Debug-CarPlay";
		};
		83E16173D5538EBA365892F3 /* Debug */ = {
			isa = XCBuildConfiguration;
			baseConfigurationReference = 7A7AC19356FAE862F3F3F8B1 /* Secrets.xcconfig */;
			buildSettings = {
				ASSETCATALOG_COMPILER_APPICON_NAME = AppIcon;
				CODE_SIGN_ENTITLEMENTS = IoniqTelemetry/Resources/IoniqTelemetry.entitlements;
				CODE_SIGN_IDENTITY = "iPhone Developer";
				DEFINES_MODULE = YES;
				INFOPLIST_FILE = IoniqTelemetry/Resources/Info.plist;
				LD_RUNPATH_SEARCH_PATHS = "@executable_path/Frameworks @loader_path/Frameworks";
				PRODUCT_BUNDLE_IDENTIFIER = com.fmz.IoniqTelemetry;
				SDKROOT = iphoneos;
				SWIFT_INSTALL_OBJC_HEADER = YES;
				TARGETED_DEVICE_FAMILY = 1;
			};
			name = Debug;
		};
		990ECBE85FA0F1A7DF75B3DF /* Debug-CarPlay */ = {
			isa = XCBuildConfiguration;
			baseConfigurationReference = 7A7AC19356FAE862F3F3F8B1 /* Secrets.xcconfig */;
			buildSettings = {
				ASSETCATALOG_COMPILER_APPICON_NAME = AppIcon;
				CODE_SIGN_ENTITLEMENTS = "IoniqTelemetry/Resources/IoniqTelemetry-CarPlay.entitlements";
				CODE_SIGN_IDENTITY = "iPhone Developer";
				DEFINES_MODULE = YES;
				INFOPLIST_FILE = IoniqTelemetry/Resources/Info.plist;
				LD_RUNPATH_SEARCH_PATHS = "@executable_path/Frameworks @loader_path/Frameworks";
				PRODUCT_BUNDLE_IDENTIFIER = com.fmz.IoniqTelemetry;
				SDKROOT = iphoneos;
				SWIFT_INSTALL_OBJC_HEADER = YES;
				TARGETED_DEVICE_FAMILY = 1;
			};
			name = "Debug-CarPlay";
		};
		CBE2B44B3E9CF6FF20F5BD62 /* Release */ = {
			isa = XCBuildConfiguration;
			buildSettings = {
				BUNDLE_LOADER = "$(TEST_HOST)";
				LD_RUNPATH_SEARCH_PATHS = (
					"$(inherited)",
					"@executable_path/Frameworks",
					"@loader_path/Frameworks",
				);
				PRODUCT_BUNDLE_IDENTIFIER = com.fmz.IoniqTelemetryTests;
				SDKROOT = iphoneos;
				TARGETED_DEVICE_FAMILY = 1;
				TEST_HOST = "$(BUILT_PRODUCTS_DIR)/IoniqTelemetry.app/IoniqTelemetry";
			};
			name = Release;
		};
		D30EBC7B4CCECDB3D9DAEAE6 /* Debug */ = {
			isa = XCBuildConfiguration;
			buildSettings = {
				BUNDLE_LOADER = "$(TEST_HOST)";
				LD_RUNPATH_SEARCH_PATHS = (
					"$(inherited)",
					"@executable_path/Frameworks",
					"@loader_path/Frameworks",
				);
				PRODUCT_BUNDLE_IDENTIFIER = com.fmz.IoniqTelemetryTests;
				SDKROOT = iphoneos;
				TARGETED_DEVICE_FAMILY = 1;
				TEST_HOST = "$(BUILT_PRODUCTS_DIR)/IoniqTelemetry.app/IoniqTelemetry";
			};
			name = Debug;
		};
		FB7EB7F3CFD086F81242EC45 /* Debug-CarPlay */ = {
			isa = XCBuildConfiguration;
			buildSettings = {
				BUNDLE_LOADER = "$(TEST_HOST)";
				LD_RUNPATH_SEARCH_PATHS = (
					"$(inherited)",
					"@executable_path/Frameworks",
					"@loader_path/Frameworks",
				);
				PRODUCT_BUNDLE_IDENTIFIER = com.fmz.IoniqTelemetryTests;
				SDKROOT = iphoneos;
				TARGETED_DEVICE_FAMILY = 1;
				TEST_HOST = "$(BUILT_PRODUCTS_DIR)/IoniqTelemetry.app/IoniqTelemetry";
			};
			name = "Debug-CarPlay";
		};
/* End XCBuildConfiguration section */

/* Begin XCConfigurationList section */
		3CFE123C0B1AB7569656E767 /* Build configuration list for PBXProject "IoniqTelemetry" */ = {
			isa = XCConfigurationList;
			buildConfigurations = (
				134BCCF2C48EC31E2435D282 /* Debug */,
				75AC3DC9B6E6A4143148BF94 /* Debug-CarPlay */,
				724353CA55A5080D8A8DEB5C /* Release */,
			);
			defaultConfigurationIsVisible = 0;
			defaultConfigurationName = Debug;
		};
		4D74A71341D193A3E634821B /* Build configuration list for PBXNativeTarget "IoniqTelemetry" */ = {
			isa = XCConfigurationList;
			buildConfigurations = (
				83E16173D5538EBA365892F3 /* Debug */,
				990ECBE85FA0F1A7DF75B3DF /* Debug-CarPlay */,
				6A8B8CD868D85DDE81B435C2 /* Release */,
			);
			defaultConfigurationIsVisible = 0;
			defaultConfigurationName = Debug;
		};
		DBCDF476678587180D11E5BC /* Build configuration list for PBXNativeTarget "IoniqTelemetryTests" */ = {
			isa = XCConfigurationList;
			buildConfigurations = (
				D30EBC7B4CCECDB3D9DAEAE6 /* Debug */,
				FB7EB7F3CFD086F81242EC45 /* Debug-CarPlay */,
				CBE2B44B3E9CF6FF20F5BD62 /* Release */,
			);
			defaultConfigurationIsVisible = 0;
			defaultConfigurationName = Debug;
		};
/* End XCConfigurationList section */

/* Begin XCLocalSwiftPackageReference section */
		0B213F7FFAEC68AAF233E810 /* XCLocalSwiftPackageReference "Packages/CoreOBD" */ = {
			isa = XCLocalSwiftPackageReference;
			relativePath = Packages/CoreOBD;
		};
		2D42D33C55F2F2A6D57B2F6F /* XCLocalSwiftPackageReference "Packages/CoreData" */ = {
			isa = XCLocalSwiftPackageReference;
			relativePath = Packages/CoreData;
		};
		600E7DEE553549174A822352 /* XCLocalSwiftPackageReference "Packages/CoreRouting" */ = {
			isa = XCLocalSwiftPackageReference;
			relativePath = Packages/CoreRouting;
		};
		CA2C471130AA19D855390F40 /* XCLocalSwiftPackageReference "Packages/CoreUI" */ = {
			isa = XCLocalSwiftPackageReference;
			relativePath = Packages/CoreUI;
		};
		F92371F4E8AA2129F9927212 /* XCLocalSwiftPackageReference "Packages/CoreDomain" */ = {
			isa = XCLocalSwiftPackageReference;
			relativePath = Packages/CoreDomain;
		};
/* End XCLocalSwiftPackageReference section */

/* Begin XCSwiftPackageProductDependency section */
		361EBE86862C04F207736117 /* CoreRouting */ = {
			isa = XCSwiftPackageProductDependency;
			productName = CoreRouting;
		};
		4B422C736FBB62FCA4883CB1 /* CoreOBD */ = {
			isa = XCSwiftPackageProductDependency;
			productName = CoreOBD;
		};
		8BB3F88CBE4887CACB9E40B8 /* CoreDomain */ = {
			isa = XCSwiftPackageProductDependency;
			productName = CoreDomain;
		};
		B5D04FA331DABD94427A1A3F /* CoreUI */ = {
			isa = XCSwiftPackageProductDependency;
			productName = CoreUI;
		};
		CE94BDBFAE6356B793FDC1B5 /* CoreData */ = {
			isa = XCSwiftPackageProductDependency;
			productName = CoreData;
		};
/* End XCSwiftPackageProductDependency section */
	};
	rootObject = B71A3E7A38BFAAB0B0C4A771 /* Project object */;
}
